// !$*UTF8*$!
{
	archiveVersion = 1;
	classes = {
	};
	objectVersion = 50;
	objects = {

/* Begin PBXBuildFile section */
		F0380D8B252491C20068209B /* APISession.swift in Sources */ = {isa = PBXBuildFile; fileRef = F0380D8A252491C20068209B /* APISession.swift */; };
		F0380D90252491E40068209B /* APIError.swift in Sources */ = {isa = PBXBuildFile; fileRef = F0380D8F252491E40068209B /* APIError.swift */; };
		F0380D9825249FF50068209B /* SessionMock.swift in Sources */ = {isa = PBXBuildFile; fileRef = F0380D9725249FF50068209B /* SessionMock.swift */; };
		F049A5592521F2B700F8BBF8 /* ProjectNoNameApp.swift in Sources */ = {isa = PBXBuildFile; fileRef = F049A5582521F2B700F8BBF8 /* ProjectNoNameApp.swift */; };
		F049A55B2521F2B700F8BBF8 /* ContentView.swift in Sources */ = {isa = PBXBuildFile; fileRef = F049A55A2521F2B700F8BBF8 /* ContentView.swift */; };
		F049A55D2521F2B800F8BBF8 /* Assets.xcassets in Resources */ = {isa = PBXBuildFile; fileRef = F049A55C2521F2B800F8BBF8 /* Assets.xcassets */; };
		F049A5602521F2B800F8BBF8 /* Preview Assets.xcassets in Resources */ = {isa = PBXBuildFile; fileRef = F049A55F2521F2B800F8BBF8 /* Preview Assets.xcassets */; };
		F049A56B2521F2B900F8BBF8 /* NetworkManagerTest.swift in Sources */ = {isa = PBXBuildFile; fileRef = F049A56A2521F2B900F8BBF8 /* NetworkManagerTest.swift */; };
		F049A5762521F2B900F8BBF8 /* ProjectNoNameUITests.swift in Sources */ = {isa = PBXBuildFile; fileRef = F049A5752521F2B900F8BBF8 /* ProjectNoNameUITests.swift */; };
		F049A588252209B000F8BBF8 /* NetworkManager.swift in Sources */ = {isa = PBXBuildFile; fileRef = F049A587252209B000F8BBF8 /* NetworkManager.swift */; };
		F0762945252B50920043F170 /* API.swift in Sources */ = {isa = PBXBuildFile; fileRef = F0762944252B50920043F170 /* API.swift */; };
		F076294A252B51F50043F170 /* APIServiceTarget.swift in Sources */ = {isa = PBXBuildFile; fileRef = F0762949252B51F40043F170 /* APIServiceTarget.swift */; };
		F076294F252B522E0043F170 /* HTTPMethod.swift in Sources */ = {isa = PBXBuildFile; fileRef = F076294E252B522E0043F170 /* HTTPMethod.swift */; };
		F0A5A9D52524B82700BDA001 /* network_invalid_json_type_mismatch.json in Resources */ = {isa = PBXBuildFile; fileRef = F0A5A9D02524B82700BDA001 /* network_invalid_json_type_mismatch.json */; };
		F0A5A9D62524B82700BDA001 /* network_invalid_json_key_not_found.json in Resources */ = {isa = PBXBuildFile; fileRef = F0A5A9D12524B82700BDA001 /* network_invalid_json_key_not_found.json */; };
		F0A5A9D72524B82700BDA001 /* network_valid_json.json in Resources */ = {isa = PBXBuildFile; fileRef = F0A5A9D22524B82700BDA001 /* network_valid_json.json */; };
		F0A5A9D82524B82700BDA001 /* network_invalid_json_data_corrupted.json in Resources */ = {isa = PBXBuildFile; fileRef = F0A5A9D32524B82700BDA001 /* network_invalid_json_data_corrupted.json */; };
		F0A5A9D92524B82700BDA001 /* network_invalid_json_value_not_found.json in Resources */ = {isa = PBXBuildFile; fileRef = F0A5A9D42524B82700BDA001 /* network_invalid_json_value_not_found.json */; };
/* End PBXBuildFile section */

/* Begin PBXContainerItemProxy section */
		F049A5672521F2B900F8BBF8 /* PBXContainerItemProxy */ = {
			isa = PBXContainerItemProxy;
			containerPortal = F049A54D2521F2B700F8BBF8 /* Project object */;
			proxyType = 1;
			remoteGlobalIDString = F049A5542521F2B700F8BBF8;
			remoteInfo = ProjectNoName;
		};
		F049A5722521F2B900F8BBF8 /* PBXContainerItemProxy */ = {
			isa = PBXContainerItemProxy;
			containerPortal = F049A54D2521F2B700F8BBF8 /* Project object */;
			proxyType = 1;
			remoteGlobalIDString = F049A5542521F2B700F8BBF8;
			remoteInfo = ProjectNoName;
		};
/* End PBXContainerItemProxy section */

/* Begin PBXFileReference section */
		F0380D8A252491C20068209B /* APISession.swift */ = {isa = PBXFileReference; lastKnownFileType = sourcecode.swift; path = APISession.swift; sourceTree = "<group>"; };
		F0380D8F252491E40068209B /* APIError.swift */ = {isa = PBXFileReference; lastKnownFileType = sourcecode.swift; path = APIError.swift; sourceTree = "<group>"; };
		F0380D9725249FF50068209B /* SessionMock.swift */ = {isa = PBXFileReference; lastKnownFileType = sourcecode.swift; path = SessionMock.swift; sourceTree = "<group>"; };
		F049A5552521F2B700F8BBF8 /* ProjectNoName.app */ = {isa = PBXFileReference; explicitFileType = wrapper.application; includeInIndex = 0; path = ProjectNoName.app; sourceTree = BUILT_PRODUCTS_DIR; };
		F049A5582521F2B700F8BBF8 /* ProjectNoNameApp.swift */ = {isa = PBXFileReference; lastKnownFileType = sourcecode.swift; path = ProjectNoNameApp.swift; sourceTree = "<group>"; };
		F049A55A2521F2B700F8BBF8 /* ContentView.swift */ = {isa = PBXFileReference; lastKnownFileType = sourcecode.swift; path = ContentView.swift; sourceTree = "<group>"; };
		F049A55C2521F2B800F8BBF8 /* Assets.xcassets */ = {isa = PBXFileReference; lastKnownFileType = folder.assetcatalog; path = Assets.xcassets; sourceTree = "<group>"; };
		F049A55F2521F2B800F8BBF8 /* Preview Assets.xcassets */ = {isa = PBXFileReference; lastKnownFileType = folder.assetcatalog; path = "Preview Assets.xcassets"; sourceTree = "<group>"; };
		F049A5612521F2B800F8BBF8 /* Info.plist */ = {isa = PBXFileReference; lastKnownFileType = text.plist.xml; path = Info.plist; sourceTree = "<group>"; };
		F049A5662521F2B900F8BBF8 /* ProjectNoNameTests.xctest */ = {isa = PBXFileReference; explicitFileType = wrapper.cfbundle; includeInIndex = 0; path = ProjectNoNameTests.xctest; sourceTree = BUILT_PRODUCTS_DIR; };
		F049A56A2521F2B900F8BBF8 /* NetworkManagerTest.swift */ = {isa = PBXFileReference; lastKnownFileType = sourcecode.swift; path = NetworkManagerTest.swift; sourceTree = "<group>"; };
		F049A56C2521F2B900F8BBF8 /* Info.plist */ = {isa = PBXFileReference; lastKnownFileType = text.plist.xml; path = Info.plist; sourceTree = "<group>"; };
		F049A5712521F2B900F8BBF8 /* ProjectNoNameUITests.xctest */ = {isa = PBXFileReference; explicitFileType = wrapper.cfbundle; includeInIndex = 0; path = ProjectNoNameUITests.xctest; sourceTree = BUILT_PRODUCTS_DIR; };
		F049A5752521F2B900F8BBF8 /* ProjectNoNameUITests.swift */ = {isa = PBXFileReference; lastKnownFileType = sourcecode.swift; path = ProjectNoNameUITests.swift; sourceTree = "<group>"; };
		F049A5772521F2B900F8BBF8 /* Info.plist */ = {isa = PBXFileReference; lastKnownFileType = text.plist.xml; path = Info.plist; sourceTree = "<group>"; };
		F049A587252209B000F8BBF8 /* NetworkManager.swift */ = {isa = PBXFileReference; lastKnownFileType = sourcecode.swift; path = NetworkManager.swift; sourceTree = "<group>"; };
		F0762944252B50920043F170 /* API.swift */ = {isa = PBXFileReference; lastKnownFileType = sourcecode.swift; path = API.swift; sourceTree = "<group>"; };
		F0762949252B51F40043F170 /* APIServiceTarget.swift */ = {isa = PBXFileReference; lastKnownFileType = sourcecode.swift; path = APIServiceTarget.swift; sourceTree = "<group>"; };
		F076294E252B522E0043F170 /* HTTPMethod.swift */ = {isa = PBXFileReference; lastKnownFileType = sourcecode.swift; path = HTTPMethod.swift; sourceTree = "<group>"; };
		F0A5A9D02524B82700BDA001 /* network_invalid_json_type_mismatch.json */ = {isa = PBXFileReference; fileEncoding = 4; lastKnownFileType = text.json; path = network_invalid_json_type_mismatch.json; sourceTree = "<group>"; };
		F0A5A9D12524B82700BDA001 /* network_invalid_json_key_not_found.json */ = {isa = PBXFileReference; fileEncoding = 4; lastKnownFileType = text.json; path = network_invalid_json_key_not_found.json; sourceTree = "<group>"; };
		F0A5A9D22524B82700BDA001 /* network_valid_json.json */ = {isa = PBXFileReference; fileEncoding = 4; lastKnownFileType = text.json; path = network_valid_json.json; sourceTree = "<group>"; };
		F0A5A9D32524B82700BDA001 /* network_invalid_json_data_corrupted.json */ = {isa = PBXFileReference; fileEncoding = 4; lastKnownFileType = text.json; path = network_invalid_json_data_corrupted.json; sourceTree = "<group>"; };
		F0A5A9D42524B82700BDA001 /* network_invalid_json_value_not_found.json */ = {isa = PBXFileReference; fileEncoding = 4; lastKnownFileType = text.json; path = network_invalid_json_value_not_found.json; sourceTree = "<group>"; };
/* End PBXFileReference section */

/* Begin PBXFrameworksBuildPhase section */
		F049A5522521F2B700F8BBF8 /* Frameworks */ = {
			isa = PBXFrameworksBuildPhase;
			buildActionMask = 2147483647;
			files = (
			);
			runOnlyForDeploymentPostprocessing = 0;
		};
		F049A5632521F2B900F8BBF8 /* Frameworks */ = {
			isa = PBXFrameworksBuildPhase;
			buildActionMask = 2147483647;
			files = (
			);
			runOnlyForDeploymentPostprocessing = 0;
		};
		F049A56E2521F2B900F8BBF8 /* Frameworks */ = {
			isa = PBXFrameworksBuildPhase;
			buildActionMask = 2147483647;
			files = (
			);
			runOnlyForDeploymentPostprocessing = 0;
		};
/* End PBXFrameworksBuildPhase section */

/* Begin PBXGroup section */
		F0380D9425249FCB0068209B /* Network */ = {
			isa = PBXGroup;
			children = (
				F0380D9625249FE10068209B /* Stubs */,
				F0380D9525249FD80068209B /* Mocks */,
				F049A56A2521F2B900F8BBF8 /* NetworkManagerTest.swift */,
			);
			path = Network;
			sourceTree = "<group>";
		};
		F0380D9525249FD80068209B /* Mocks */ = {
			isa = PBXGroup;
			children = (
				F0380D9725249FF50068209B /* SessionMock.swift */,
			);
			path = Mocks;
			sourceTree = "<group>";
		};
		F0380D9625249FE10068209B /* Stubs */ = {
			isa = PBXGroup;
			children = (
				F0A5A9D32524B82700BDA001 /* network_invalid_json_data_corrupted.json */,
				F0A5A9D12524B82700BDA001 /* network_invalid_json_key_not_found.json */,
				F0A5A9D02524B82700BDA001 /* network_invalid_json_type_mismatch.json */,
				F0A5A9D42524B82700BDA001 /* network_invalid_json_value_not_found.json */,
				F0A5A9D22524B82700BDA001 /* network_valid_json.json */,
			);
			path = Stubs;
			sourceTree = "<group>";
		};
		F049A54C2521F2B700F8BBF8 = {
			isa = PBXGroup;
			children = (
				F049A5572521F2B700F8BBF8 /* ProjectNoName */,
				F049A5692521F2B900F8BBF8 /* ProjectNoNameTests */,
				F049A5742521F2B900F8BBF8 /* ProjectNoNameUITests */,
				F049A5562521F2B700F8BBF8 /* Products */,
			);
			sourceTree = "<group>";
		};
		F049A5562521F2B700F8BBF8 /* Products */ = {
			isa = PBXGroup;
			children = (
				F049A5552521F2B700F8BBF8 /* ProjectNoName.app */,
				F049A5662521F2B900F8BBF8 /* ProjectNoNameTests.xctest */,
				F049A5712521F2B900F8BBF8 /* ProjectNoNameUITests.xctest */,
			);
			name = Products;
			sourceTree = "<group>";
		};
		F049A5572521F2B700F8BBF8 /* ProjectNoName */ = {
			isa = PBXGroup;
			children = (
				F049A5862522099000F8BBF8 /* Network */,
				F049A5582521F2B700F8BBF8 /* ProjectNoNameApp.swift */,
				F049A55A2521F2B700F8BBF8 /* ContentView.swift */,
				F049A55C2521F2B800F8BBF8 /* Assets.xcassets */,
				F049A5612521F2B800F8BBF8 /* Info.plist */,
				F049A55E2521F2B800F8BBF8 /* Preview Content */,
			);
			path = ProjectNoName;
			sourceTree = "<group>";
		};
		F049A55E2521F2B800F8BBF8 /* Preview Content */ = {
			isa = PBXGroup;
			children = (
				F049A55F2521F2B800F8BBF8 /* Preview Assets.xcassets */,
			);
			path = "Preview Content";
			sourceTree = "<group>";
		};
		F049A5692521F2B900F8BBF8 /* ProjectNoNameTests */ = {
			isa = PBXGroup;
			children = (
				F0380D9425249FCB0068209B /* Network */,
				F049A56C2521F2B900F8BBF8 /* Info.plist */,
			);
			path = ProjectNoNameTests;
			sourceTree = "<group>";
		};
		F049A5742521F2B900F8BBF8 /* ProjectNoNameUITests */ = {
			isa = PBXGroup;
			children = (
				F049A5752521F2B900F8BBF8 /* ProjectNoNameUITests.swift */,
				F049A5772521F2B900F8BBF8 /* Info.plist */,
			);
			path = ProjectNoNameUITests;
			sourceTree = "<group>";
		};
		F049A5862522099000F8BBF8 /* Network */ = {
			isa = PBXGroup;
			children = (
				F049A587252209B000F8BBF8 /* NetworkManager.swift */,
				F0380D8A252491C20068209B /* APISession.swift */,
				F0762949252B51F40043F170 /* APIServiceTarget.swift */,
				F076294E252B522E0043F170 /* HTTPMethod.swift */,
				F0380D8F252491E40068209B /* APIError.swift */,
				F0762944252B50920043F170 /* API.swift */,
			);
			path = Network;
			sourceTree = "<group>";
		};
/* End PBXGroup section */

/* Begin PBXNativeTarget section */
		F049A5542521F2B700F8BBF8 /* ProjectNoName */ = {
			isa = PBXNativeTarget;
			buildConfigurationList = F049A57A2521F2B900F8BBF8 /* Build configuration list for PBXNativeTarget "ProjectNoName" */;
			buildPhases = (
				F049A5512521F2B700F8BBF8 /* Sources */,
				F049A5522521F2B700F8BBF8 /* Frameworks */,
				F049A5532521F2B700F8BBF8 /* Resources */,
			);
			buildRules = (
			);
			dependencies = (
			);
			name = ProjectNoName;
			productName = ProjectNoName;
			productReference = F049A5552521F2B700F8BBF8 /* ProjectNoName.app */;
			productType = "com.apple.product-type.application";
		};
		F049A5652521F2B900F8BBF8 /* ProjectNoNameTests */ = {
			isa = PBXNativeTarget;
			buildConfigurationList = F049A57D2521F2B900F8BBF8 /* Build configuration list for PBXNativeTarget "ProjectNoNameTests" */;
			buildPhases = (
				F049A5622521F2B900F8BBF8 /* Sources */,
				F049A5632521F2B900F8BBF8 /* Frameworks */,
				F049A5642521F2B900F8BBF8 /* Resources */,
			);
			buildRules = (
			);
			dependencies = (
				F049A5682521F2B900F8BBF8 /* PBXTargetDependency */,
			);
			name = ProjectNoNameTests;
			productName = ProjectNoNameTests;
			productReference = F049A5662521F2B900F8BBF8 /* ProjectNoNameTests.xctest */;
			productType = "com.apple.product-type.bundle.unit-test";
		};
		F049A5702521F2B900F8BBF8 /* ProjectNoNameUITests */ = {
			isa = PBXNativeTarget;
			buildConfigurationList = F049A5802521F2B900F8BBF8 /* Build configuration list for PBXNativeTarget "ProjectNoNameUITests" */;
			buildPhases = (
				F049A56D2521F2B900F8BBF8 /* Sources */,
				F049A56E2521F2B900F8BBF8 /* Frameworks */,
				F049A56F2521F2B900F8BBF8 /* Resources */,
			);
			buildRules = (
			);
			dependencies = (
				F049A5732521F2B900F8BBF8 /* PBXTargetDependency */,
			);
			name = ProjectNoNameUITests;
			productName = ProjectNoNameUITests;
			productReference = F049A5712521F2B900F8BBF8 /* ProjectNoNameUITests.xctest */;
			productType = "com.apple.product-type.bundle.ui-testing";
		};
/* End PBXNativeTarget section */

/* Begin PBXProject section */
		F049A54D2521F2B700F8BBF8 /* Project object */ = {
			isa = PBXProject;
			attributes = {
				LastSwiftUpdateCheck = 1200;
				LastUpgradeCheck = 1200;
				TargetAttributes = {
					F049A5542521F2B700F8BBF8 = {
						CreatedOnToolsVersion = 12.0;
					};
					F049A5652521F2B900F8BBF8 = {
						CreatedOnToolsVersion = 12.0;
						TestTargetID = F049A5542521F2B700F8BBF8;
					};
					F049A5702521F2B900F8BBF8 = {
						CreatedOnToolsVersion = 12.0;
						TestTargetID = F049A5542521F2B700F8BBF8;
					};
				};
			};
			buildConfigurationList = F049A5502521F2B700F8BBF8 /* Build configuration list for PBXProject "ProjectNoName" */;
			compatibilityVersion = "Xcode 9.3";
			developmentRegion = en;
			hasScannedForEncodings = 0;
			knownRegions = (
				en,
				Base,
			);
			mainGroup = F049A54C2521F2B700F8BBF8;
			productRefGroup = F049A5562521F2B700F8BBF8 /* Products */;
			projectDirPath = "";
			projectRoot = "";
			targets = (
				F049A5542521F2B700F8BBF8 /* ProjectNoName */,
				F049A5652521F2B900F8BBF8 /* ProjectNoNameTests */,
				F049A5702521F2B900F8BBF8 /* ProjectNoNameUITests */,
			);
		};
/* End PBXProject section */

/* Begin PBXResourcesBuildPhase section */
		F049A5532521F2B700F8BBF8 /* Resources */ = {
			isa = PBXResourcesBuildPhase;
			buildActionMask = 2147483647;
			files = (
				F049A5602521F2B800F8BBF8 /* Preview Assets.xcassets in Resources */,
				F049A55D2521F2B800F8BBF8 /* Assets.xcassets in Resources */,
			);
			runOnlyForDeploymentPostprocessing = 0;
		};
		F049A5642521F2B900F8BBF8 /* Resources */ = {
			isa = PBXResourcesBuildPhase;
			buildActionMask = 2147483647;
			files = (
				F0A5A9D92524B82700BDA001 /* network_invalid_json_value_not_found.json in Resources */,
				F0A5A9D52524B82700BDA001 /* network_invalid_json_type_mismatch.json in Resources */,
				F0A5A9D82524B82700BDA001 /* network_invalid_json_data_corrupted.json in Resources */,
				F0A5A9D62524B82700BDA001 /* network_invalid_json_key_not_found.json in Resources */,
				F0A5A9D72524B82700BDA001 /* network_valid_json.json in Resources */,
			);
			runOnlyForDeploymentPostprocessing = 0;
		};
		F049A56F2521F2B900F8BBF8 /* Resources */ = {
			isa = PBXResourcesBuildPhase;
			buildActionMask = 2147483647;
			files = (
			);
			runOnlyForDeploymentPostprocessing = 0;
		};
/* End PBXResourcesBuildPhase section */

/* Begin PBXSourcesBuildPhase section */
		F049A5512521F2B700F8BBF8 /* Sources */ = {
			isa = PBXSourcesBuildPhase;
			buildActionMask = 2147483647;
			files = (
				F0380D8B252491C20068209B /* APISession.swift in Sources */,
				F049A588252209B000F8BBF8 /* NetworkManager.swift in Sources */,
				F0380D90252491E40068209B /* APIError.swift in Sources */,
				F049A55B2521F2B700F8BBF8 /* ContentView.swift in Sources */,
				F076294F252B522E0043F170 /* HTTPMethod.swift in Sources */,
				F0762945252B50920043F170 /* API.swift in Sources */,
				F076294A252B51F50043F170 /* APIServiceTarget.swift in Sources */,
				F049A5592521F2B700F8BBF8 /* ProjectNoNameApp.swift in Sources */,
			);
			runOnlyForDeploymentPostprocessing = 0;
		};
		F049A5622521F2B900F8BBF8 /* Sources */ = {
			isa = PBXSourcesBuildPhase;
			buildActionMask = 2147483647;
			files = (
				F0380D9825249FF50068209B /* SessionMock.swift in Sources */,
				F049A56B2521F2B900F8BBF8 /* NetworkManagerTest.swift in Sources */,
			);
			runOnlyForDeploymentPostprocessing = 0;
		};
		F049A56D2521F2B900F8BBF8 /* Sources */ = {
			isa = PBXSourcesBuildPhase;
			buildActionMask = 2147483647;
			files = (
				F049A5762521F2B900F8BBF8 /* ProjectNoNameUITests.swift in Sources */,
			);
			runOnlyForDeploymentPostprocessing = 0;
		};
/* End PBXSourcesBuildPhase section */

/* Begin PBXTargetDependency section */
		F049A5682521F2B900F8BBF8 /* PBXTargetDependency */ = {
			isa = PBXTargetDependency;
			target = F049A5542521F2B700F8BBF8 /* ProjectNoName */;
			targetProxy = F049A5672521F2B900F8BBF8 /* PBXContainerItemProxy */;
		};
		F049A5732521F2B900F8BBF8 /* PBXTargetDependency */ = {
			isa = PBXTargetDependency;
			target = F049A5542521F2B700F8BBF8 /* ProjectNoName */;
			targetProxy = F049A5722521F2B900F8BBF8 /* PBXContainerItemProxy */;
		};
/* End PBXTargetDependency section */

/* Begin XCBuildConfiguration section */
		F049A5782521F2B900F8BBF8 /* Debug */ = {
			isa = XCBuildConfiguration;
			buildSettings = {
				ALWAYS_SEARCH_USER_PATHS = NO;
				CLANG_ANALYZER_NONNULL = YES;
				CLANG_ANALYZER_NUMBER_OBJECT_CONVERSION = YES_AGGRESSIVE;
				CLANG_CXX_LANGUAGE_STANDARD = "gnu++14";
				CLANG_CXX_LIBRARY = "libc++";
				CLANG_ENABLE_MODULES = YES;
				CLANG_ENABLE_OBJC_ARC = YES;
				CLANG_ENABLE_OBJC_WEAK = YES;
				CLANG_WARN_BLOCK_CAPTURE_AUTORELEASING = YES;
				CLANG_WARN_BOOL_CONVERSION = YES;
				CLANG_WARN_COMMA = YES;
				CLANG_WARN_CONSTANT_CONVERSION = YES;
				CLANG_WARN_DEPRECATED_OBJC_IMPLEMENTATIONS = YES;
				CLANG_WARN_DIRECT_OBJC_ISA_USAGE = YES_ERROR;
				CLANG_WARN_DOCUMENTATION_COMMENTS = YES;
				CLANG_WARN_EMPTY_BODY = YES;
				CLANG_WARN_ENUM_CONVERSION = YES;
				CLANG_WARN_INFINITE_RECURSION = YES;
				CLANG_WARN_INT_CONVERSION = YES;
				CLANG_WARN_NON_LITERAL_NULL_CONVERSION = YES;
				CLANG_WARN_OBJC_IMPLICIT_RETAIN_SELF = YES;
				CLANG_WARN_OBJC_LITERAL_CONVERSION = YES;
				CLANG_WARN_OBJC_ROOT_CLASS = YES_ERROR;
				CLANG_WARN_QUOTED_INCLUDE_IN_FRAMEWORK_HEADER = YES;
				CLANG_WARN_RANGE_LOOP_ANALYSIS = YES;
				CLANG_WARN_STRICT_PROTOTYPES = YES;
				CLANG_WARN_SUSPICIOUS_MOVE = YES;
				CLANG_WARN_UNGUARDED_AVAILABILITY = YES_AGGRESSIVE;
				CLANG_WARN_UNREACHABLE_CODE = YES;
				CLANG_WARN__DUPLICATE_METHOD_MATCH = YES;
				COPY_PHASE_STRIP = NO;
				DEBUG_INFORMATION_FORMAT = dwarf;
				ENABLE_STRICT_OBJC_MSGSEND = YES;
				ENABLE_TESTABILITY = YES;
				GCC_C_LANGUAGE_STANDARD = gnu11;
				GCC_DYNAMIC_NO_PIC = NO;
				GCC_NO_COMMON_BLOCKS = YES;
				GCC_OPTIMIZATION_LEVEL = 0;
				GCC_PREPROCESSOR_DEFINITIONS = (
					"DEBUG=1",
					"$(inherited)",
				);
				GCC_WARN_64_TO_32_BIT_CONVERSION = YES;
				GCC_WARN_ABOUT_RETURN_TYPE = YES_ERROR;
				GCC_WARN_UNDECLARED_SELECTOR = YES;
				GCC_WARN_UNINITIALIZED_AUTOS = YES_AGGRESSIVE;
				GCC_WARN_UNUSED_FUNCTION = YES;
				GCC_WARN_UNUSED_VARIABLE = YES;
				IPHONEOS_DEPLOYMENT_TARGET = 14.0;
				MTL_ENABLE_DEBUG_INFO = INCLUDE_SOURCE;
				MTL_FAST_MATH = YES;
				ONLY_ACTIVE_ARCH = YES;
				SDKROOT = iphoneos;
				SWIFT_ACTIVE_COMPILATION_CONDITIONS = DEBUG;
				SWIFT_OPTIMIZATION_LEVEL = "-Onone";
			};
			name = Debug;
		};
		F049A5792521F2B900F8BBF8 /* Release */ = {
			isa = XCBuildConfiguration;
			buildSettings = {
				ALWAYS_SEARCH_USER_PATHS = NO;
				CLANG_ANALYZER_NONNULL = YES;
				CLANG_ANALYZER_NUMBER_OBJECT_CONVERSION = YES_AGGRESSIVE;
				CLANG_CXX_LANGUAGE_STANDARD = "gnu++14";
				CLANG_CXX_LIBRARY = "libc++";
				CLANG_ENABLE_MODULES = YES;
				CLANG_ENABLE_OBJC_ARC = YES;
				CLANG_ENABLE_OBJC_WEAK = YES;
				CLANG_WARN_BLOCK_CAPTURE_AUTORELEASING = YES;
				CLANG_WARN_BOOL_CONVERSION = YES;
				CLANG_WARN_COMMA = YES;
				CLANG_WARN_CONSTANT_CONVERSION = YES;
				CLANG_WARN_DEPRECATED_OBJC_IMPLEMENTATIONS = YES;
				CLANG_WARN_DIRECT_OBJC_ISA_USAGE = YES_ERROR;
				CLANG_WARN_DOCUMENTATION_COMMENTS = YES;
				CLANG_WARN_EMPTY_BODY = YES;
				CLANG_WARN_ENUM_CONVERSION = YES;
				CLANG_WARN_INFINITE_RECURSION = YES;
				CLANG_WARN_INT_CONVERSION = YES;
				CLANG_WARN_NON_LITERAL_NULL_CONVERSION = YES;
				CLANG_WARN_OBJC_IMPLICIT_RETAIN_SELF = YES;
				CLANG_WARN_OBJC_LITERAL_CONVERSION = YES;
				CLANG_WARN_OBJC_ROOT_CLASS = YES_ERROR;
				CLANG_WARN_QUOTED_INCLUDE_IN_FRAMEWORK_HEADER = YES;
				CLANG_WARN_RANGE_LOOP_ANALYSIS = YES;
				CLANG_WARN_STRICT_PROTOTYPES = YES;
				CLANG_WARN_SUSPICIOUS_MOVE = YES;
				CLANG_WARN_UNGUARDED_AVAILABILITY = YES_AGGRESSIVE;
				CLANG_WARN_UNREACHABLE_CODE = YES;
				CLANG_WARN__DUPLICATE_METHOD_MATCH = YES;
				COPY_PHASE_STRIP = NO;
				DEBUG_INFORMATION_FORMAT = "dwarf-with-dsym";
				ENABLE_NS_ASSERTIONS = NO;
				ENABLE_STRICT_OBJC_MSGSEND = YES;
				GCC_C_LANGUAGE_STANDARD = gnu11;
				GCC_NO_COMMON_BLOCKS = YES;
				GCC_WARN_64_TO_32_BIT_CONVERSION = YES;
				GCC_WARN_ABOUT_RETURN_TYPE = YES_ERROR;
				GCC_WARN_UNDECLARED_SELECTOR = YES;
				GCC_WARN_UNINITIALIZED_AUTOS = YES_AGGRESSIVE;
				GCC_WARN_UNUSED_FUNCTION = YES;
				GCC_WARN_UNUSED_VARIABLE = YES;
				IPHONEOS_DEPLOYMENT_TARGET = 14.0;
				MTL_ENABLE_DEBUG_INFO = NO;
				MTL_FAST_MATH = YES;
				SDKROOT = iphoneos;
				SWIFT_COMPILATION_MODE = wholemodule;
				SWIFT_OPTIMIZATION_LEVEL = "-O";
				VALIDATE_PRODUCT = YES;
			};
			name = Release;
		};
		F049A57B2521F2B900F8BBF8 /* Debug */ = {
			isa = XCBuildConfiguration;
			buildSettings = {
				ASSETCATALOG_COMPILER_APPICON_NAME = AppIcon;
				ASSETCATALOG_COMPILER_GLOBAL_ACCENT_COLOR_NAME = AccentColor;
				CODE_SIGN_STYLE = Automatic;
				DEVELOPMENT_ASSET_PATHS = "\"ProjectNoName/Preview Content\"";
				ENABLE_PREVIEWS = YES;
				INFOPLIST_FILE = ProjectNoName/Info.plist;
				IPHONEOS_DEPLOYMENT_TARGET = 14.0;
				LD_RUNPATH_SEARCH_PATHS = (
					"$(inherited)",
					"@executable_path/Frameworks",
				);
				PRODUCT_BUNDLE_IDENTIFIER = com.leonirdeolindo.ProjectNoName;
				PRODUCT_NAME = "$(TARGET_NAME)";
				SWIFT_VERSION = 5.0;
				TARGETED_DEVICE_FAMILY = "1,2";
			};
			name = Debug;
		};
		F049A57C2521F2B900F8BBF8 /* Release */ = {
			isa = XCBuildConfiguration;
			buildSettings = {
				ASSETCATALOG_COMPILER_APPICON_NAME = AppIcon;
				ASSETCATALOG_COMPILER_GLOBAL_ACCENT_COLOR_NAME = AccentColor;
				CODE_SIGN_STYLE = Automatic;
				DEVELOPMENT_ASSET_PATHS = "\"ProjectNoName/Preview Content\"";
				ENABLE_PREVIEWS = YES;
				INFOPLIST_FILE = ProjectNoName/Info.plist;
				IPHONEOS_DEPLOYMENT_TARGET = 14.0;
				LD_RUNPATH_SEARCH_PATHS = (
					"$(inherited)",
					"@executable_path/Frameworks",
				);
				PRODUCT_BUNDLE_IDENTIFIER = com.leonirdeolindo.ProjectNoName;
				PRODUCT_NAME = "$(TARGET_NAME)";
				SWIFT_VERSION = 5.0;
				TARGETED_DEVICE_FAMILY = "1,2";
			};
			name = Release;
		};
		F049A57E2521F2B900F8BBF8 /* Debug */ = {
			isa = XCBuildConfiguration;
			buildSettings = {
				ALWAYS_EMBED_SWIFT_STANDARD_LIBRARIES = YES;
				BUNDLE_LOADER = "$(TEST_HOST)";
				CODE_SIGN_STYLE = Automatic;
				INFOPLIST_FILE = ProjectNoNameTests/Info.plist;
				IPHONEOS_DEPLOYMENT_TARGET = 14.0;
				LD_RUNPATH_SEARCH_PATHS = (
					"$(inherited)",
					"@executable_path/Frameworks",
					"@loader_path/Frameworks",
				);
				PRODUCT_BUNDLE_IDENTIFIER = com.leonirdeolindo.ProjectNoNameTests;
				PRODUCT_NAME = "$(TARGET_NAME)";
				SWIFT_VERSION = 5.0;
				TARGETED_DEVICE_FAMILY = "1,2";
				TEST_HOST = "$(BUILT_PRODUCTS_DIR)/ProjectNoName.app/ProjectNoName";
			};
			name = Debug;
		};
		F049A57F2521F2B900F8BBF8 /* Release */ = {
			isa = XCBuildConfiguration;
			buildSettings = {
				ALWAYS_EMBED_SWIFT_STANDARD_LIBRARIES = YES;
				BUNDLE_LOADER = "$(TEST_HOST)";
				CODE_SIGN_STYLE = Automatic;
				INFOPLIST_FILE = ProjectNoNameTests/Info.plist;
				IPHONEOS_DEPLOYMENT_TARGET = 14.0;
				LD_RUNPATH_SEARCH_PATHS = (
					"$(inherited)",
					"@executable_path/Frameworks",
					"@loader_path/Frameworks",
				);
				PRODUCT_BUNDLE_IDENTIFIER = com.leonirdeolindo.ProjectNoNameTests;
				PRODUCT_NAME = "$(TARGET_NAME)";
				SWIFT_VERSION = 5.0;
				TARGETED_DEVICE_FAMILY = "1,2";
				TEST_HOST = "$(BUILT_PRODUCTS_DIR)/ProjectNoName.app/ProjectNoName";
			};
			name = Release;
		};
		F049A5812521F2B900F8BBF8 /* Debug */ = {
			isa = XCBuildConfiguration;
			buildSettings = {
				ALWAYS_EMBED_SWIFT_STANDARD_LIBRARIES = YES;
				CODE_SIGN_STYLE = Automatic;
				INFOPLIST_FILE = ProjectNoNameUITests/Info.plist;
				LD_RUNPATH_SEARCH_PATHS = (
					"$(inherited)",
					"@executable_path/Frameworks",
					"@loader_path/Frameworks",
				);
				PRODUCT_BUNDLE_IDENTIFIER = com.leonirdeolindo.ProjectNoNameUITests;
				PRODUCT_NAME = "$(TARGET_NAME)";
				SWIFT_VERSION = 5.0;
				TARGETED_DEVICE_FAMILY = "1,2";
				TEST_TARGET_NAME = ProjectNoName;
			};
			name = Debug;
		};
		F049A5822521F2B900F8BBF8 /* Release */ = {
			isa = XCBuildConfiguration;
			buildSettings = {
				ALWAYS_EMBED_SWIFT_STANDARD_LIBRARIES = YES;
				CODE_SIGN_STYLE = Automatic;
				INFOPLIST_FILE = ProjectNoNameUITests/Info.plist;
				LD_RUNPATH_SEARCH_PATHS = (
					"$(inherited)",
					"@executable_path/Frameworks",
					"@loader_path/Frameworks",
				);
				PRODUCT_BUNDLE_IDENTIFIER = com.leonirdeolindo.ProjectNoNameUITests;
				PRODUCT_NAME = "$(TARGET_NAME)";
				SWIFT_VERSION = 5.0;
				TARGETED_DEVICE_FAMILY = "1,2";
				TEST_TARGET_NAME = ProjectNoName;
			};
			name = Release;
		};
/* End XCBuildConfiguration section */

/* Begin XCConfigurationList section */
		F049A5502521F2B700F8BBF8 /* Build configuration list for PBXProject "ProjectNoName" */ = {
			isa = XCConfigurationList;
			buildConfigurations = (
				F049A5782521F2B900F8BBF8 /* Debug */,
				F049A5792521F2B900F8BBF8 /* Release */,
			);
			defaultConfigurationIsVisible = 0;
			defaultConfigurationName = Release;
		};
		F049A57A2521F2B900F8BBF8 /* Build configuration list for PBXNativeTarget "ProjectNoName" */ = {
			isa = XCConfigurationList;
			buildConfigurations = (
				F049A57B2521F2B900F8BBF8 /* Debug */,
				F049A57C2521F2B900F8BBF8 /* Release */,
			);
			defaultConfigurationIsVisible = 0;
			defaultConfigurationName = Release;
		};
		F049A57D2521F2B900F8BBF8 /* Build configuration list for PBXNativeTarget "ProjectNoNameTests" */ = {
			isa = XCConfigurationList;
			buildConfigurations = (
				F049A57E2521F2B900F8BBF8 /* Debug */,
				F049A57F2521F2B900F8BBF8 /* Release */,
			);
			defaultConfigurationIsVisible = 0;
			defaultConfigurationName = Release;
		};
		F049A5802521F2B900F8BBF8 /* Build configuration list for PBXNativeTarget "ProjectNoNameUITests" */ = {
			isa = XCConfigurationList;
			buildConfigurations = (
				F049A5812521F2B900F8BBF8 /* Debug */,
				F049A5822521F2B900F8BBF8 /* Release */,
			);
			defaultConfigurationIsVisible = 0;
			defaultConfigurationName = Release;
		};
/* End XCConfigurationList section */
	};
	rootObject = F049A54D2521F2B700F8BBF8 /* Project object */;
}
